#MicroXplorer Configuration settings - do not modify
Mcu.Family=STM32L0
RCC.MSI_VALUE=2097000
ProjectManager.MainLocation=Core/Src
PA6.Mode=IN6
ProjectManager.ProjectFileName=RemoteDevCode.ioc
ProjectManager.KeepUserCode=true
Mcu.UserName=STM32L041F6Px
Mcu.PinsNb=16
ProjectManager.NoMain=false
RCC.PLLCLKFreq_Value=24000000
RCC.LPUARTFreq_Value=2097000
ProjectManager.functionlistsort=1-SystemClock_Config-RCC-false-HAL-false
RCC.RTCFreq_Value=37000
ProjectManager.DefaultFWLocation=true
RCC.USART2Freq_Value=2097000
NVIC.SVC_IRQn=true\:0\:0\:false\:false\:true\:false\:false
ProjectManager.DeletePrevious=true
PC14-OSC32_IN.Signal=GPIO_Output
PinOutPanel.RotationAngle=0
RCC.FamilyName=M
ProjectManager.StackSize=0x400
RCC.WatchDogFreq_Value=37000
PA13.Signal=SYS_SWDIO
RCC.HSI16_VALUE=16000000
Mcu.IP2=RCC
Mcu.IP3=SYS
SH.S_TIM2_CH2.0=TIM2_CH2
Mcu.IP0=ADC
Mcu.IP1=NVIC
PC15-OSC32_OUT.Locked=true
Mcu.UserConstants=
ProjectManager.TargetToolchain=STM32CubeIDE
Mcu.ThirdPartyNb=0
Mcu.IPNb=4
ProjectManager.PreviousToolchain=
RCC.APB2TimFreq_Value=2097000
PA9.Signal=I2C1_SCL
SH.S_TIM2_CH2.ConfNb=1
Mcu.Pin6=PA4
Mcu.Pin7=PA5
ProjectManager.RegisterCallBack=
Mcu.Pin8=PA6
Mcu.Pin9=PA7
RCC.LSE_VALUE=32768
PC15-OSC32_OUT.Signal=GPIO_Input
PA1.Signal=S_TIM2_CH2
RCC.AHBFreq_Value=2097000
Mcu.Pin0=PC14-OSC32_IN
PB1.Locked=true
Mcu.Pin1=PC15-OSC32_OUT
Mcu.Pin2=PA0-CK_IN
Mcu.Pin3=PA1
Mcu.Pin4=PA2
Mcu.Pin5=PA3
PA5.Signal=GPIO_Input
ProjectManager.ProjectBuild=false
RCC.HSE_VALUE=8000000
board=custom
PA4.Locked=true
RCC.VCOOutputFreq_Value=48000000
NVIC.SysTick_IRQn=true\:0\:0\:false\:false\:true\:false\:true
ProjectManager.LastFirmware=true
ProjectManager.FirmwarePackage=STM32Cube FW_L0 V1.12.1
PA0-CK_IN.Signal=GPIO_Output
MxDb.Version=DB.6.0.21
PA0-CK_IN.Locked=true
RCC.APB2Freq_Value=2097000
ProjectManager.BackupPrevious=false
MxCube.Version=6.2.1
RCC.I2C1Freq_Value=2097000
PA14.Mode=Serial_Wire
File.Version=6
VP_SYS_VS_Systick.Mode=SysTick
PA9.Locked=true
NVIC.NonMaskableInt_IRQn=true\:0\:0\:false\:false\:true\:false\:false
NVIC.PendSV_IRQn=true\:0\:0\:false\:false\:true\:false\:false
PA13.Mode=Serial_Wire
ProjectManager.FreePins=false
RCC.IPParameters=AHBFreq_Value,APB1Freq_Value,APB1TimFreq_Value,APB2Freq_Value,APB2TimFreq_Value,FamilyName,HSE_VALUE,HSI16_VALUE,HSI_VALUE,I2C1Freq_Value,LPTIMFreq_Value,LPUARTFreq_Value,LSE_VALUE,LSI_VALUE,MSI_VALUE,PLLCLKFreq_Value,PWRFreq_Value,RTCFreq_Value,RTCHSEDivFreq_Value,SYSCLKFreq_VALUE,TIMFreq_Value,USART2Freq_Value,VCOOutputFreq_Value,WatchDogFreq_Value
ProjectManager.AskForMigrate=true
Mcu.Name=STM32L041F6Px
ProjectManager.HalAssertFull=false
RCC.RTCHSEDivFreq_Value=4000000
PA2.Signal=USART2_TX
ProjectManager.ProjectName=RemoteDevCode
ProjectManager.UnderRoot=true
ProjectManager.CoupleFile=false
PA4.Signal=GPIO_Output
RCC.SYSCLKFreq_VALUE=2097000
Mcu.Package=TSSOP20
PB1.Signal=GPIO_Input
PA6.Signal=ADC_IN6
PA1.Locked=true
PA5.Locked=true
PA3.Locked=true
PA7.Locked=true
PA10.Locked=true
NVIC.ForceEnableDMAVector=true
KeepUserPlacement=false
PA13.Locked=true
ProjectManager.CompilerOptimize=6
ProjectManager.ToolChainLocation=
RCC.LSI_VALUE=37000
VP_SYS_VS_Systick.Signal=SYS_VS_Systick
PA10.Signal=I2C1_SDA
PA14.Signal=SYS_SWCLK
ProjectManager.HeapSize=0x200
Mcu.Pin15=VP_SYS_VS_Systick
NVIC.HardFault_IRQn=true\:0\:0\:false\:false\:true\:false\:false
Mcu.Pin13=PA13
Mcu.Pin14=PA14
ProjectManager.ComputerToolchain=false
RCC.HSI_VALUE=16000000
Mcu.Pin11=PA9
Mcu.Pin12=PA10
Mcu.Pin10=PB1
RCC.APB1TimFreq_Value=2097000
RCC.PWRFreq_Value=2097000
RCC.APB1Freq_Value=2097000
ProjectManager.CustomerFirmwarePackage=
ProjectManager.DeviceId=STM32L041F6Px
PC14-OSC32_IN.Locked=true
ProjectManager.LibraryCopy=1
RCC.LPTIMFreq_Value=2097000
PA3.Signal=USART2_RX
PA7.Signal=GPIO_Input
RCC.TIMFreq_Value=2097000
PA6.Locked=true
PA2.Locked=true
isbadioc=true
